
Microsoft Visual Studio Solution File, Format Version 12.00
# Visual Studio Version 17
VisualStudioVersion = 17.7.34024.191
MinimumVisualStudioVersion = 10.0.40219.1
Project("{FAE04EC0-301F-11D3-BF4B-00C04F79EFBC}") = "Exercicio04", "Exercicio04\Exercicio04.csproj", "{AA54C54D-FA9D-44E3-8298-0ED1B946A27E}"
EndProject
Global
	GlobalSection(SolutionConfigurationPlatforms) = preSolution
		Debug|Any CPU = Debug|Any CPU
		Release|Any CPU = Release|Any CPU
	EndGlobalSection
	GlobalSection(ProjectConfigurationPlatforms) = postSolution
		{AA54C54D-FA9D-44E3-8298-0ED1B946A27E}.Debug|Any CPU.ActiveCfg = Debug|Any CPU
		{AA54C54D-FA9D-44E3-8298-0ED1B946A27E}.Debug|Any CPU.Build.0 = Debug|Any CPU
		{AA54C54D-FA9D-44E3-8298-0ED1B946A27E}.Release|Any CPU.ActiveCfg = Release|Any CPU
		{AA54C54D-FA9D-44E3-8298-0ED1B946A27E}.Release|Any CPU.Build.0 = Release|Any CPU
	EndGlobalSection
	GlobalSection(SolutionProperties) = preSolution
		HideSolutionNode = FALSE
	EndGlobalSection
	GlobalSection(ExtensibilityGlobals) = postSolution
		SolutionGuid = {2B795627-E3BE-466F-81DB-824CD50FAE7F}
	EndGlobalSection
EndGlobal
