
Microsoft Visual Studio Solution File, Format Version 12.00
# Visual Studio Version 17
VisualStudioVersion = 17.7.34024.191
MinimumVisualStudioVersion = 10.0.40219.1
Project("{FAE04EC0-301F-11D3-BF4B-00C04F79EFBC}") = "EquacaoPrimeiroGrauCSharp", "EquacaoPrimeiroGrauCSharp\EquacaoPrimeiroGrauCSharp.csproj", "{F21D45F9-3B1D-46E2-8A96-F76BF9104367}"
EndProject
Global
	GlobalSection(SolutionConfigurationPlatforms) = preSolution
		Debug|Any CPU = Debug|Any CPU
		Release|Any CPU = Release|Any CPU
	EndGlobalSection
	GlobalSection(ProjectConfigurationPlatforms) = postSolution
		{F21D45F9-3B1D-46E2-8A96-F76BF9104367}.Debug|Any CPU.ActiveCfg = Debug|Any CPU
		{F21D45F9-3B1D-46E2-8A96-F76BF9104367}.Debug|Any CPU.Build.0 = Debug|Any CPU
		{F21D45F9-3B1D-46E2-8A96-F76BF9104367}.Release|Any CPU.ActiveCfg = Release|Any CPU
		{F21D45F9-3B1D-46E2-8A96-F76BF9104367}.Release|Any CPU.Build.0 = Release|Any CPU
	EndGlobalSection
	GlobalSection(SolutionProperties) = preSolution
		HideSolutionNode = FALSE
	EndGlobalSection
	GlobalSection(ExtensibilityGlobals) = postSolution
		SolutionGuid = {D0BFAE71-043A-4457-8C5B-01FCDF5DED34}
	EndGlobalSection
EndGlobal
