
Microsoft Visual Studio Solution File, Format Version 12.00
# Visual Studio Version 17
VisualStudioVersion = 17.7.34024.191
MinimumVisualStudioVersion = 10.0.40219.1
Project("{FAE04EC0-301F-11D3-BF4B-00C04F79EFBC}") = "ProgramacaoI", "ProgramacaoI\ProgramacaoI.csproj", "{373C1981-94E0-4695-B009-2F65F69E5360}"
EndProject
Global
	GlobalSection(SolutionConfigurationPlatforms) = preSolution
		Debug|Any CPU = Debug|Any CPU
		Release|Any CPU = Release|Any CPU
	EndGlobalSection
	GlobalSection(ProjectConfigurationPlatforms) = postSolution
		{373C1981-94E0-4695-B009-2F65F69E5360}.Debug|Any CPU.ActiveCfg = Debug|Any CPU
		{373C1981-94E0-4695-B009-2F65F69E5360}.Debug|Any CPU.Build.0 = Debug|Any CPU
		{373C1981-94E0-4695-B009-2F65F69E5360}.Release|Any CPU.ActiveCfg = Release|Any CPU
		{373C1981-94E0-4695-B009-2F65F69E5360}.Release|Any CPU.Build.0 = Release|Any CPU
	EndGlobalSection
	GlobalSection(SolutionProperties) = preSolution
		HideSolutionNode = FALSE
	EndGlobalSection
	GlobalSection(ExtensibilityGlobals) = postSolution
		SolutionGuid = {ABED2D6E-C46B-4454-BAD0-26C4B4B4EAA3}
	EndGlobalSection
EndGlobal
